{
  "name": "eddy_next_gen",
  "lockfileVersion": 2,
  "requires": true,
  "packages": {
    "": {
      "dependencies": {
        "markov-strings": "^3.0.1"
      }
    },
    "node_modules/lodash": {
      "version": "4.17.20",
      "resolved": "https://registry.npmjs.org/lodash/-/lodash-4.17.20.tgz",
      "integrity": "sha512-PlhdFcillOINfeV7Ni6oF1TAEayyZBoZ8bcshTHqOYJYlrqzRK5hagpagky5o4HfCzzd1TRkXPMFq6cKk9rGmA=="
    },
    "node_modules/markov-strings": {
      "version": "3.0.1",
      "resolved": "https://registry.npmjs.org/markov-strings/-/markov-strings-3.0.1.tgz",
      "integrity": "sha512-/Cf6m7iIK1JWtvOemZ9eRUpKvebm+m6uXMTzszOJrRO3rkmdCqoS/EO9d4/3aFPnYEIHkopcF4C7W+k1zTDjnw==",
      "dependencies": {
        "lodash": "^4.17.20"
      },
      "engines": {
        "node": ">=8.0.0"
      }
    }
  },
  "dependencies": {
    "lodash": {
      "version": "4.17.20",
      "resolved": "https://registry.npmjs.org/lodash/-/lodash-4.17.20.tgz",
      "integrity": "sha512-PlhdFcillOINfeV7Ni6oF1TAEayyZBoZ8bcshTHqOYJYlrqzRK5hagpagky5o4HfCzzd1TRkXPMFq6cKk9rGmA=="
    },
    "markov-strings": {
      "version": "3.0.1",
      "resolved": "https://registry.npmjs.org/markov-strings/-/markov-strings-3.0.1.tgz",
      "integrity": "sha512-/Cf6m7iIK1JWtvOemZ9eRUpKvebm+m6uXMTzszOJrRO3rkmdCqoS/EO9d4/3aFPnYEIHkopcF4C7W+k1zTDjnw==",
      "requires": {
        "lodash": "^4.17.20"
      }
    }
  }
}
